{
  "pins" : [
    {
      "identity" : "alamofire",
      "kind" : "remoteSourceControl",
      "location" : "git@github.com:Alamofire/Alamofire.git",
      "state" : {
        "revision" : "3dc6a42c7727c49bf26508e29b0a0b35f9c7e1ad",
        "version" : "5.8.1"
      }
    },
    {
      "identity" : "kingfisher",
      "kind" : "remoteSourceControl",
      "location" : "git@github.com:onevcat/Kingfisher.git",
      "state" : {
        "revision" : "277f1ab2c6664b19b4a412e32b094b201e2d5757",
        "version" : "7.10.0"
      }
    },
    {
      "identity" : "snapkit",
      "kind" : "remoteSourceControl",
      "location" : "https://github.com/SnapKit/SnapKit",
      "state" : {
        "revision" : "f222cbdf325885926566172f6f5f06af95473158",
        "version" : "5.6.0"
      }
    },
    {
      "identity" : "swiftyjson",
      "kind" : "remoteSourceControl",
      "location" : "git@github.com:SwiftyJSON/SwiftyJSON.git",
      "state" : {
        "revision" : "b3dcd7dbd0d488e1a7077cb33b00f2083e382f07",
        "version" : "5.0.1"
      }
    }
  ],
  "version" : 2
}
